
Microsoft Visual Studio Solution File, Format Version 12.00
# Visual Studio Version 16
VisualStudioVersion = 16.0.31911.196
MinimumVisualStudioVersion = 10.0.40219.1
Project("{FAE04EC0-301F-11D3-BF4B-00C04F79EFBC}") = "DesignPatterns", "DesignPatterns\DesignPatterns.csproj", "{485B7C88-51DB-470C-A598-669D52090C98}"
EndProject
Global
	GlobalSection(SolutionConfigurationPlatforms) = preSolution
		Debug|Any CPU = Debug|Any CPU
		Release|Any CPU = Release|Any CPU
	EndGlobalSection
	GlobalSection(ProjectConfigurationPlatforms) = postSolution
		{485B7C88-51DB-470C-A598-669D52090C98}.Debug|Any CPU.ActiveCfg = Debug|Any CPU
		{485B7C88-51DB-470C-A598-669D52090C98}.Debug|Any CPU.Build.0 = Debug|Any CPU
		{485B7C88-51DB-470C-A598-669D52090C98}.Release|Any CPU.ActiveCfg = Release|Any CPU
		{485B7C88-51DB-470C-A598-669D52090C98}.Release|Any CPU.Build.0 = Release|Any CPU
	EndGlobalSection
	GlobalSection(SolutionProperties) = preSolution
		HideSolutionNode = FALSE
	EndGlobalSection
	GlobalSection(ExtensibilityGlobals) = postSolution
		SolutionGuid = {CB32E592-ECE4-460D-8B55-466F0A30413D}
	EndGlobalSection
EndGlobal
